
Microsoft Visual Studio Solution File, Format Version 12.00
# Visual Studio Version 17
VisualStudioVersion = 17.11.35222.181
MinimumVisualStudioVersion = 10.0.40219.1
Project("{FAE04EC0-301F-11D3-BF4B-00C04F79EFBC}") = "Sana06", "Sana06\Sana06.csproj", "{C65E0FB2-F33F-48F3-9712-AB07FE211B33}"
EndProject
Global
	GlobalSection(SolutionConfigurationPlatforms) = preSolution
		Debug|Any CPU = Debug|Any CPU
		Release|Any CPU = Release|Any CPU
	EndGlobalSection
	GlobalSection(ProjectConfigurationPlatforms) = postSolution
		{C65E0FB2-F33F-48F3-9712-AB07FE211B33}.Debug|Any CPU.ActiveCfg = Debug|Any CPU
		{C65E0FB2-F33F-48F3-9712-AB07FE211B33}.Debug|Any CPU.Build.0 = Debug|Any CPU
		{C65E0FB2-F33F-48F3-9712-AB07FE211B33}.Release|Any CPU.ActiveCfg = Release|Any CPU
		{C65E0FB2-F33F-48F3-9712-AB07FE211B33}.Release|Any CPU.Build.0 = Release|Any CPU
	EndGlobalSection
	GlobalSection(SolutionProperties) = preSolution
		HideSolutionNode = FALSE
	EndGlobalSection
	GlobalSection(ExtensibilityGlobals) = postSolution
		SolutionGuid = {0E279688-7DA7-42F3-A6EA-102FBE2660BB}
	EndGlobalSection
EndGlobal
